// !$*UTF8*$!
{
	archiveVersion = 1;
	classes = {
	};
	objectVersion = 55;
	objects = {

/* Begin PBXBuildFile section */
		BE3E3CC927FC4DE500DABDDA /* AppDelegate.swift in Sources */ = {isa = PBXBuildFile; fileRef = BE3E3CC827FC4DE500DABDDA /* AppDelegate.swift */; };
		BE3E3CCB27FC4DE500DABDDA /* SceneDelegate.swift in Sources */ = {isa = PBXBuildFile; fileRef = BE3E3CCA27FC4DE500DABDDA /* SceneDelegate.swift */; };
		BE3E3CCD27FC4DE500DABDDA /* ViewController.swift in Sources */ = {isa = PBXBuildFile; fileRef = BE3E3CCC27FC4DE500DABDDA /* ViewController.swift */; };
		BE3E3CD027FC4DE500DABDDA /* Main.storyboard in Resources */ = {isa = PBXBuildFile; fileRef = BE3E3CCE27FC4DE500DABDDA /* Main.storyboard */; };
		BE3E3CD227FC4DE600DABDDA /* Assets.xcassets in Resources */ = {isa = PBXBuildFile; fileRef = BE3E3CD127FC4DE600DABDDA /* Assets.xcassets */; };
		BE3E3CD527FC4DE600DABDDA /* LaunchScreen.storyboard in Resources */ = {isa = PBXBuildFile; fileRef = BE3E3CD327FC4DE600DABDDA /* LaunchScreen.storyboard */; };
		BE6B088D28015DCD0036AFD7 /* ItemCell.swift in Sources */ = {isa = PBXBuildFile; fileRef = BE6B088C28015DCD0036AFD7 /* ItemCell.swift */; };
/* End PBXBuildFile section */

/* Begin PBXFileReference section */
		BE3E3CC527FC4DE500DABDDA /* Collection.app */ = {isa = PBXFileReference; explicitFileType = wrapper.application; includeInIndex = 0; path = Collection.app; sourceTree = BUILT_PRODUCTS_DIR; };
		BE3E3CC827FC4DE500DABDDA /* AppDelegate.swift */ = {isa = PBXFileReference; lastKnownFileType = sourcecode.swift; path = AppDelegate.swift; sourceTree = "<group>"; };
		BE3E3CCA27FC4DE500DABDDA /* SceneDelegate.swift */ = {isa = PBXFileReference; lastKnownFileType = sourcecode.swift; path = SceneDelegate.swift; sourceTree = "<group>"; };
		BE3E3CCC27FC4DE500DABDDA /* ViewController.swift */ = {isa = PBXFileReference; lastKnownFileType = sourcecode.swift; path = ViewController.swift; sourceTree = "<group>"; };
		BE3E3CCF27FC4DE500DABDDA /* Base */ = {isa = PBXFileReference; lastKnownFileType = file.storyboard; name = Base; path = Base.lproj/Main.storyboard; sourceTree = "<group>"; };
		BE3E3CD127FC4DE600DABDDA /* Assets.xcassets */ = {isa = PBXFileReference; lastKnownFileType = folder.assetcatalog; path = Assets.xcassets; sourceTree = "<group>"; };
		BE3E3CD427FC4DE600DABDDA /* Base */ = {isa = PBXFileReference; lastKnownFileType = file.storyboard; name = Base; path = Base.lproj/LaunchScreen.storyboard; sourceTree = "<group>"; };
		BE3E3CD627FC4DE600DABDDA /* Info.plist */ = {isa = PBXFileReference; lastKnownFileType = text.plist.xml; path = Info.plist; sourceTree = "<group>"; };
		BE6B088C28015DCD0036AFD7 /* ItemCell.swift */ = {isa = PBXFileReference; lastKnownFileType = sourcecode.swift; path = ItemCell.swift; sourceTree = "<group>"; };
/* End PBXFileReference section */

/* Begin PBXFrameworksBuildPhase section */
		BE3E3CC227FC4DE500DABDDA /* Frameworks */ = {
			isa = PBXFrameworksBuildPhase;
			buildActionMask = 2147483647;
			files = (
			);
			runOnlyForDeploymentPostprocessing = 0;
		};
/* End PBXFrameworksBuildPhase section */

/* Begin PBXGroup section */
		BE3E3CBC27FC4DE500DABDDA = {
			isa = PBXGroup;
			children = (
				BE3E3CC727FC4DE500DABDDA /* Collection */,
				BE3E3CC627FC4DE500DABDDA /* Products */,
			);
			sourceTree = "<group>";
		};
		BE3E3CC627FC4DE500DABDDA /* Products */ = {
			isa = PBXGroup;
			children = (
				BE3E3CC527FC4DE500DABDDA /* Collection.app */,
			);
			name = Products;
			sourceTree = "<group>";
		};
		BE3E3CC727FC4DE500DABDDA /* Collection */ = {
			isa = PBXGroup;
			children = (
				BE3E3CC827FC4DE500DABDDA /* AppDelegate.swift */,
				BE3E3CCA27FC4DE500DABDDA /* SceneDelegate.swift */,
				BE3E3CCC27FC4DE500DABDDA /* ViewController.swift */,
				BE3E3CCE27FC4DE500DABDDA /* Main.storyboard */,
				BE6B088C28015DCD0036AFD7 /* ItemCell.swift */,
				BE3E3CD127FC4DE600DABDDA /* Assets.xcassets */,
				BE3E3CD327FC4DE600DABDDA /* LaunchScreen.storyboard */,
				BE3E3CD627FC4DE600DABDDA /* Info.plist */,
			);
			path = Collection;
			sourceTree = "<group>";
		};
/* End PBXGroup section */

/* Begin PBXNativeTarget section */
		BE3E3CC427FC4DE500DABDDA /* Collection */ = {
			isa = PBXNativeTarget;
			buildConfigurationList = BE3E3CD927FC4DE600DABDDA /* Build configuration list for PBXNativeTarget "Collection" */;
			buildPhases = (
				BE3E3CC127FC4DE500DABDDA /* Sources */,
				BE3E3CC227FC4DE500DABDDA /* Frameworks */,
				BE3E3CC327FC4DE500DABDDA /* Resources */,
			);
			buildRules = (
			);
			dependencies = (
			);
			name = Collection;
			productName = Collection;
			productReference = BE3E3CC527FC4DE500DABDDA /* Collection.app */;
			productType = "com.apple.product-type.application";
		};
/* End PBXNativeTarget section */

/* Begin PBXProject section */
		BE3E3CBD27FC4DE500DABDDA /* Project object */ = {
			isa = PBXProject;
			attributes = {
				BuildIndependentTargetsInParallel = 1;
				LastSwiftUpdateCheck = 1330;
				LastUpgradeCheck = 1330;
				TargetAttributes = {
					BE3E3CC427FC4DE500DABDDA = {
						CreatedOnToolsVersion = 13.3;
					};
				};
			};
			buildConfigurationList = BE3E3CC027FC4DE500DABDDA /* Build configuration list for PBXProject "Collection" */;
			compatibilityVersion = "Xcode 13.0";
			developmentRegion = en;
			hasScannedForEncodings = 0;
			knownRegions = (
				en,
				Base,
			);
			mainGroup = BE3E3CBC27FC4DE500DABDDA;
			productRefGroup = BE3E3CC627FC4DE500DABDDA /* Products */;
			projectDirPath = "";
			projectRoot = "";
			targets = (
				BE3E3CC427FC4DE500DABDDA /* Collection */,
			);
		};
/* End PBXProject section */

/* Begin PBXResourcesBuildPhase section */
		BE3E3CC327FC4DE500DABDDA /* Resources */ = {
			isa = PBXResourcesBuildPhase;
			buildActionMask = 2147483647;
			files = (
				BE3E3CD527FC4DE600DABDDA /* LaunchScreen.storyboard in Resources */,
				BE3E3CD227FC4DE600DABDDA /* Assets.xcassets in Resources */,
				BE3E3CD027FC4DE500DABDDA /* Main.storyboard in Resources */,
			);
			runOnlyForDeploymentPostprocessing = 0;
		};
/* End PBXResourcesBuildPhase section */

/* Begin PBXSourcesBuildPhase section */
		BE3E3CC127FC4DE500DABDDA /* Sources */ = {
			isa = PBXSourcesBuildPhase;
			buildActionMask = 2147483647;
			files = (
				BE6B088D28015DCD0036AFD7 /* ItemCell.swift in Sources */,
				BE3E3CCD27FC4DE500DABDDA /* ViewController.swift in Sources */,
				BE3E3CC927FC4DE500DABDDA /* AppDelegate.swift in Sources */,
				BE3E3CCB27FC4DE500DABDDA /* SceneDelegate.swift in Sources */,
			);
			runOnlyForDeploymentPostprocessing = 0;
		};
/* End PBXSourcesBuildPhase section */

/* Begin PBXVariantGroup section */
		BE3E3CCE27FC4DE500DABDDA /* Main.storyboard */ = {
			isa = PBXVariantGroup;
			children = (
				BE3E3CCF27FC4DE500DABDDA /* Base */,
			);
			name = Main.storyboard;
			sourceTree = "<group>";
		};
		BE3E3CD327FC4DE600DABDDA /* LaunchScreen.storyboard */ = {
			isa = PBXVariantGroup;
			children = (
				BE3E3CD427FC4DE600DABDDA /* Base */,
			);
			name = LaunchScreen.storyboard;
			sourceTree = "<group>";
		};
/* End PBXVariantGroup section */

/* Begin XCBuildConfiguration section */
		BE3E3CD727FC4DE600DABDDA /* Debug */ = {
			isa = XCBuildConfiguration;
			buildSettings = {
				ALWAYS_SEARCH_USER_PATHS = NO;
				CLANG_ANALYZER_NONNULL = YES;
				CLANG_ANALYZER_NUMBER_OBJECT_CONVERSION = YES_AGGRESSIVE;
				CLANG_CXX_LANGUAGE_STANDARD = "gnu++17";
				CLANG_ENABLE_MODULES = YES;
				CLANG_ENABLE_OBJC_ARC = YES;
				CLANG_ENABLE_OBJC_WEAK = YES;
				CLANG_WARN_BLOCK_CAPTURE_AUTORELEASING = YES;
				CLANG_WARN_BOOL_CONVERSION = YES;
				CLANG_WARN_COMMA = YES;
				CLANG_WARN_CONSTANT_CONVERSION = YES;
				CLANG_WARN_DEPRECATED_OBJC_IMPLEMENTATIONS = YES;
				CLANG_WARN_DIRECT_OBJC_ISA_USAGE = YES_ERROR;
				CLANG_WARN_DOCUMENTATION_COMMENTS = YES;
				CLANG_WARN_EMPTY_BODY = YES;
				CLANG_WARN_ENUM_CONVERSION = YES;
				CLANG_WARN_INFINITE_RECURSION = YES;
				CLANG_WARN_INT_CONVERSION = YES;
				CLANG_WARN_NON_LITERAL_NULL_CONVERSION = YES;
				CLANG_WARN_OBJC_IMPLICIT_RETAIN_SELF = YES;
				CLANG_WARN_OBJC_LITERAL_CONVERSION = YES;
				CLANG_WARN_OBJC_ROOT_CLASS = YES_ERROR;
				CLANG_WARN_QUOTED_INCLUDE_IN_FRAMEWORK_HEADER = YES;
				CLANG_WARN_RANGE_LOOP_ANALYSIS = YES;
				CLANG_WARN_STRICT_PROTOTYPES = YES;
				CLANG_WARN_SUSPICIOUS_MOVE = YES;
				CLANG_WARN_UNGUARDED_AVAILABILITY = YES_AGGRESSIVE;
				CLANG_WARN_UNREACHABLE_CODE = YES;
				CLANG_WARN__DUPLICATE_METHOD_MATCH = YES;
				COPY_PHASE_STRIP = NO;
				DEBUG_INFORMATION_FORMAT = dwarf;
				ENABLE_STRICT_OBJC_MSGSEND = YES;
				ENABLE_TESTABILITY = YES;
				GCC_C_LANGUAGE_STANDARD = gnu11;
				GCC_DYNAMIC_NO_PIC = NO;
				GCC_NO_COMMON_BLOCKS = YES;
				GCC_OPTIMIZATION_LEVEL = 0;
				GCC_PREPROCESSOR_DEFINITIONS = (
					"DEBUG=1",
					"$(inherited)",
				);
				GCC_WARN_64_TO_32_BIT_CONVERSION = YES;
				GCC_WARN_ABOUT_RETURN_TYPE = YES_ERROR;
				GCC_WARN_UNDECLARED_SELECTOR = YES;
				GCC_WARN_UNINITIALIZED_AUTOS = YES_AGGRESSIVE;
				GCC_WARN_UNUSED_FUNCTION = YES;
				GCC_WARN_UNUSED_VARIABLE = YES;
				IPHONEOS_DEPLOYMENT_TARGET = 15.4;
				MTL_ENABLE_DEBUG_INFO = INCLUDE_SOURCE;
				MTL_FAST_MATH = YES;
				ONLY_ACTIVE_ARCH = YES;
				SDKROOT = iphoneos;
				SWIFT_ACTIVE_COMPILATION_CONDITIONS = DEBUG;
				SWIFT_OPTIMIZATION_LEVEL = "-Onone";
			};
			name = Debug;
		};
		BE3E3CD827FC4DE600DABDDA /* Release */ = {
			isa = XCBuildConfiguration;
			buildSettings = {
				ALWAYS_SEARCH_USER_PATHS = NO;
				CLANG_ANALYZER_NONNULL = YES;
				CLANG_ANALYZER_NUMBER_OBJECT_CONVERSION = YES_AGGRESSIVE;
				CLANG_CXX_LANGUAGE_STANDARD = "gnu++17";
				CLANG_ENABLE_MODULES = YES;
				CLANG_ENABLE_OBJC_ARC = YES;
				CLANG_ENABLE_OBJC_WEAK = YES;
				CLANG_WARN_BLOCK_CAPTURE_AUTORELEASING = YES;
				CLANG_WARN_BOOL_CONVERSION = YES;
				CLANG_WARN_COMMA = YES;
				CLANG_WARN_CONSTANT_CONVERSION = YES;
				CLANG_WARN_DEPRECATED_OBJC_IMPLEMENTATIONS = YES;
				CLANG_WARN_DIRECT_OBJC_ISA_USAGE = YES_ERROR;
				CLANG_WARN_DOCUMENTATION_COMMENTS = YES;
				CLANG_WARN_EMPTY_BODY = YES;
				CLANG_WARN_ENUM_CONVERSION = YES;
				CLANG_WARN_INFINITE_RECURSION = YES;
				CLANG_WARN_INT_CONVERSION = YES;
				CLANG_WARN_NON_LITERAL_NULL_CONVERSION = YES;
				CLANG_WARN_OBJC_IMPLICIT_RETAIN_SELF = YES;
				CLANG_WARN_OBJC_LITERAL_CONVERSION = YES;
				CLANG_WARN_OBJC_ROOT_CLASS = YES_ERROR;
				CLANG_WARN_QUOTED_INCLUDE_IN_FRAMEWORK_HEADER = YES;
				CLANG_WARN_RANGE_LOOP_ANALYSIS = YES;
				CLANG_WARN_STRICT_PROTOTYPES = YES;
				CLANG_WARN_SUSPICIOUS_MOVE = YES;
				CLANG_WARN_UNGUARDED_AVAILABILITY = YES_AGGRESSIVE;
				CLANG_WARN_UNREACHABLE_CODE = YES;
				CLANG_WARN__DUPLICATE_METHOD_MATCH = YES;
				COPY_PHASE_STRIP = NO;
				DEBUG_INFORMATION_FORMAT = "dwarf-with-dsym";
				ENABLE_NS_ASSERTIONS = NO;
				ENABLE_STRICT_OBJC_MSGSEND = YES;
				GCC_C_LANGUAGE_STANDARD = gnu11;
				GCC_NO_COMMON_BLOCKS = YES;
				GCC_WARN_64_TO_32_BIT_CONVERSION = YES;
				GCC_WARN_ABOUT_RETURN_TYPE = YES_ERROR;
				GCC_WARN_UNDECLARED_SELECTOR = YES;
				GCC_WARN_UNINITIALIZED_AUTOS = YES_AGGRESSIVE;
				GCC_WARN_UNUSED_FUNCTION = YES;
				GCC_WARN_UNUSED_VARIABLE = YES;
				IPHONEOS_DEPLOYMENT_TARGET = 15.4;
				MTL_ENABLE_DEBUG_INFO = NO;
				MTL_FAST_MATH = YES;
				SDKROOT = iphoneos;
				SWIFT_COMPILATION_MODE = wholemodule;
				SWIFT_OPTIMIZATION_LEVEL = "-O";
				VALIDATE_PRODUCT = YES;
			};
			name = Release;
		};
		BE3E3CDA27FC4DE600DABDDA /* Debug */ = {
			isa = XCBuildConfiguration;
			buildSettings = {
				ASSETCATALOG_COMPILER_APPICON_NAME = AppIcon;
				ASSETCATALOG_COMPILER_GLOBAL_ACCENT_COLOR_NAME = AccentColor;
				CODE_SIGN_STYLE = Automatic;
				CURRENT_PROJECT_VERSION = 1;
				DEVELOPMENT_TEAM = N7U85GFNYG;
				GENERATE_INFOPLIST_FILE = YES;
				INFOPLIST_FILE = Collection/Info.plist;
				INFOPLIST_KEY_UIApplicationSupportsIndirectInputEvents = YES;
				INFOPLIST_KEY_UILaunchStoryboardName = LaunchScreen;
				INFOPLIST_KEY_UIMainStoryboardFile = Main;
				INFOPLIST_KEY_UISupportedInterfaceOrientations_iPad = "UIInterfaceOrientationPortrait UIInterfaceOrientationPortraitUpsideDown UIInterfaceOrientationLandscapeLeft UIInterfaceOrientationLandscapeRight";
				INFOPLIST_KEY_UISupportedInterfaceOrientations_iPhone = "UIInterfaceOrientationPortrait UIInterfaceOrientationLandscapeLeft UIInterfaceOrientationLandscapeRight";
				LD_RUNPATH_SEARCH_PATHS = (
					"$(inherited)",
					"@executable_path/Frameworks",
				);
				MARKETING_VERSION = 1.0;
				PRODUCT_BUNDLE_IDENTIFIER = github.com.Collection;
				PRODUCT_NAME = "$(TARGET_NAME)";
				SWIFT_EMIT_LOC_STRINGS = YES;
				SWIFT_VERSION = 5.0;
				TARGETED_DEVICE_FAMILY = "1,2";
			};
			name = Debug;
		};
		BE3E3CDB27FC4DE600DABDDA /* Release */ = {
			isa = XCBuildConfiguration;
			buildSettings = {
				ASSETCATALOG_COMPILER_APPICON_NAME = AppIcon;
				ASSETCATALOG_COMPILER_GLOBAL_ACCENT_COLOR_NAME = AccentColor;
				CODE_SIGN_STYLE = Automatic;
				CURRENT_PROJECT_VERSION = 1;
				DEVELOPMENT_TEAM = N7U85GFNYG;
				GENERATE_INFOPLIST_FILE = YES;
				INFOPLIST_FILE = Collection/Info.plist;
				INFOPLIST_KEY_UIApplicationSupportsIndirectInputEvents = YES;
				INFOPLIST_KEY_UILaunchStoryboardName = LaunchScreen;
				INFOPLIST_KEY_UIMainStoryboardFile = Main;
				INFOPLIST_KEY_UISupportedInterfaceOrientations_iPad = "UIInterfaceOrientationPortrait UIInterfaceOrientationPortraitUpsideDown UIInterfaceOrientationLandscapeLeft UIInterfaceOrientationLandscapeRight";
				INFOPLIST_KEY_UISupportedInterfaceOrientations_iPhone = "UIInterfaceOrientationPortrait UIInterfaceOrientationLandscapeLeft UIInterfaceOrientationLandscapeRight";
				LD_RUNPATH_SEARCH_PATHS = (
					"$(inherited)",
					"@executable_path/Frameworks",
				);
				MARKETING_VERSION = 1.0;
				PRODUCT_BUNDLE_IDENTIFIER = github.com.Collection;
				PRODUCT_NAME = "$(TARGET_NAME)";
				SWIFT_EMIT_LOC_STRINGS = YES;
				SWIFT_VERSION = 5.0;
				TARGETED_DEVICE_FAMILY = "1,2";
			};
			name = Release;
		};
/* End XCBuildConfiguration section */

/* Begin XCConfigurationList section */
		BE3E3CC027FC4DE500DABDDA /* Build configuration list for PBXProject "Collection" */ = {
			isa = XCConfigurationList;
			buildConfigurations = (
				BE3E3CD727FC4DE600DABDDA /* Debug */,
				BE3E3CD827FC4DE600DABDDA /* Release */,
			);
			defaultConfigurationIsVisible = 0;
			defaultConfigurationName = Release;
		};
		BE3E3CD927FC4DE600DABDDA /* Build configuration list for PBXNativeTarget "Collection" */ = {
			isa = XCConfigurationList;
			buildConfigurations = (
				BE3E3CDA27FC4DE600DABDDA /* Debug */,
				BE3E3CDB27FC4DE600DABDDA /* Release */,
			);
			defaultConfigurationIsVisible = 0;
			defaultConfigurationName = Release;
		};
/* End XCConfigurationList section */
	};
	rootObject = BE3E3CBD27FC4DE500DABDDA /* Project object */;
}
